
Microsoft Visual Studio Solution File, Format Version 12.00
# Visual Studio 15
VisualStudioVersion = 15.0.27130.2036
MinimumVisualStudioVersion = 10.0.40219.1
Project("{FAE04EC0-301F-11D3-BF4B-00C04F79EFBC}") = "Asparlose.Memory.netstandard2.0", "netstandard2.0\Asparlose.Memory.netstandard2.0.csproj", "{1495D319-3AF8-4EDC-B40E-F297C82789D5}"
EndProject
Project("{FAE04EC0-301F-11D3-BF4B-00C04F79EFBC}") = "Asparlose.Memory.net451", "net451\Asparlose.Memory.net451.csproj", "{B706EDAD-6603-44D1-9038-0AA03388F375}"
EndProject
Global
	GlobalSection(SolutionConfigurationPlatforms) = preSolution
		Debug|Any CPU = Debug|Any CPU
		Release|Any CPU = Release|Any CPU
	EndGlobalSection
	GlobalSection(ProjectConfigurationPlatforms) = postSolution
		{1495D319-3AF8-4EDC-B40E-F297C82789D5}.Debug|Any CPU.ActiveCfg = Debug|Any CPU
		{1495D319-3AF8-4EDC-B40E-F297C82789D5}.Debug|Any CPU.Build.0 = Debug|Any CPU
		{1495D319-3AF8-4EDC-B40E-F297C82789D5}.Release|Any CPU.ActiveCfg = Release|Any CPU
		{1495D319-3AF8-4EDC-B40E-F297C82789D5}.Release|Any CPU.Build.0 = Release|Any CPU
		{B706EDAD-6603-44D1-9038-0AA03388F375}.Debug|Any CPU.ActiveCfg = Debug|Any CPU
		{B706EDAD-6603-44D1-9038-0AA03388F375}.Debug|Any CPU.Build.0 = Debug|Any CPU
		{B706EDAD-6603-44D1-9038-0AA03388F375}.Release|Any CPU.ActiveCfg = Release|Any CPU
		{B706EDAD-6603-44D1-9038-0AA03388F375}.Release|Any CPU.Build.0 = Release|Any CPU
	EndGlobalSection
	GlobalSection(SolutionProperties) = preSolution
		HideSolutionNode = FALSE
	EndGlobalSection
	GlobalSection(ExtensibilityGlobals) = postSolution
		SolutionGuid = {AC8823A2-5550-49F6-9D2E-E793A9823F25}
	EndGlobalSection
EndGlobal
